
Microsoft Visual Studio Solution File, Format Version 12.00
# Visual Studio 15
VisualStudioVersion = 15.0.28307.329
MinimumVisualStudioVersion = 10.0.40219.1
Project("{FAE04EC0-301F-11D3-BF4B-00C04F79EFBC}") = "DatabaseEditor", "DatabaseEditor\DatabaseEditor.csproj", "{0E0607C6-DD23-4A9D-A9E1-E2F2CB01CE05}"
EndProject
Global
	GlobalSection(SolutionConfigurationPlatforms) = preSolution
		Debug|Any CPU = Debug|Any CPU
		Release|Any CPU = Release|Any CPU
	EndGlobalSection
	GlobalSection(ProjectConfigurationPlatforms) = postSolution
		{0E0607C6-DD23-4A9D-A9E1-E2F2CB01CE05}.Debug|Any CPU.ActiveCfg = Debug|Any CPU
		{0E0607C6-DD23-4A9D-A9E1-E2F2CB01CE05}.Debug|Any CPU.Build.0 = Debug|Any CPU
		{0E0607C6-DD23-4A9D-A9E1-E2F2CB01CE05}.Release|Any CPU.ActiveCfg = Release|Any CPU
		{0E0607C6-DD23-4A9D-A9E1-E2F2CB01CE05}.Release|Any CPU.Build.0 = Release|Any CPU
	EndGlobalSection
	GlobalSection(SolutionProperties) = preSolution
		HideSolutionNode = FALSE
	EndGlobalSection
	GlobalSection(ExtensibilityGlobals) = postSolution
		SolutionGuid = {5288F45A-CA5C-4489-85B1-E76A3236069B}
	EndGlobalSection
EndGlobal
